// !$*UTF8*$!
{
	archiveVersion = 1;
	classes = {
	};
	objectVersion = 55;
	objects = {

/* Begin PBXBuildFile section */
		89162792288D04880023B73D /* MenuView.swift in Sources */ = {isa = PBXBuildFile; fileRef = 89162791288D04880023B73D /* MenuView.swift */; };
		89162794288D08BF0023B73D /* MainView.swift in Sources */ = {isa = PBXBuildFile; fileRef = 89162793288D08BF0023B73D /* MainView.swift */; };
		89162796288D1A070023B73D /* DummyViews.swift in Sources */ = {isa = PBXBuildFile; fileRef = 89162795288D1A070023B73D /* DummyViews.swift */; };
		89162798288DA2E20023B73D /* APIView.swift in Sources */ = {isa = PBXBuildFile; fileRef = 89162797288DA2E20023B73D /* APIView.swift */; };
		8916279A288DA5970023B73D /* APIView2.swift in Sources */ = {isa = PBXBuildFile; fileRef = 89162799288DA5970023B73D /* APIView2.swift */; };
		898900D6288C46E00060A237 /* UserModel.swift in Sources */ = {isa = PBXBuildFile; fileRef = 898900D5288C46E00060A237 /* UserModel.swift */; };
		898900DA288C70730060A237 /* ApplyView.swift in Sources */ = {isa = PBXBuildFile; fileRef = 898900D9288C70730060A237 /* ApplyView.swift */; };
		898900DD288C9E330060A237 /* ArcGIS in Frameworks */ = {isa = PBXBuildFile; productRef = 898900DC288C9E330060A237 /* ArcGIS */; };
		898900DF288C9EAC0060A237 /* MapView.swift in Sources */ = {isa = PBXBuildFile; fileRef = 898900DE288C9EAC0060A237 /* MapView.swift */; };
		898900E1288CB2030060A237 /* SPFView.swift in Sources */ = {isa = PBXBuildFile; fileRef = 898900E0288CB2030060A237 /* SPFView.swift */; };
		898900E3288CBB6B0060A237 /* LocationManager.swift in Sources */ = {isa = PBXBuildFile; fileRef = 898900E2288CBB6B0060A237 /* LocationManager.swift */; };
		89F1B512288B7DD900AC4587 /* uvengersApp.swift in Sources */ = {isa = PBXBuildFile; fileRef = 89F1B511288B7DD900AC4587 /* uvengersApp.swift */; };
		89F1B514288B7DD900AC4587 /* HomeView.swift in Sources */ = {isa = PBXBuildFile; fileRef = 89F1B513288B7DD900AC4587 /* HomeView.swift */; };
		89F1B516288B7DDC00AC4587 /* Assets.xcassets in Resources */ = {isa = PBXBuildFile; fileRef = 89F1B515288B7DDC00AC4587 /* Assets.xcassets */; };
		89F1B519288B7DDC00AC4587 /* Preview Assets.xcassets in Resources */ = {isa = PBXBuildFile; fileRef = 89F1B518288B7DDC00AC4587 /* Preview Assets.xcassets */; };
		89F1B520288B7F3B00AC4587 /* UVInfoView.swift in Sources */ = {isa = PBXBuildFile; fileRef = 89F1B51F288B7F3B00AC4587 /* UVInfoView.swift */; };
		89F1B522288B7F5400AC4587 /* UserStatusView.swift in Sources */ = {isa = PBXBuildFile; fileRef = 89F1B521288B7F5400AC4587 /* UserStatusView.swift */; };
/* End PBXBuildFile section */

/* Begin PBXFileReference section */
		89162791288D04880023B73D /* MenuView.swift */ = {isa = PBXFileReference; lastKnownFileType = sourcecode.swift; path = MenuView.swift; sourceTree = "<group>"; };
		89162793288D08BF0023B73D /* MainView.swift */ = {isa = PBXFileReference; lastKnownFileType = sourcecode.swift; path = MainView.swift; sourceTree = "<group>"; };
		89162795288D1A070023B73D /* DummyViews.swift */ = {isa = PBXFileReference; lastKnownFileType = sourcecode.swift; path = DummyViews.swift; sourceTree = "<group>"; };
		89162797288DA2E20023B73D /* APIView.swift */ = {isa = PBXFileReference; lastKnownFileType = sourcecode.swift; path = APIView.swift; sourceTree = "<group>"; };
		89162799288DA5970023B73D /* APIView2.swift */ = {isa = PBXFileReference; lastKnownFileType = sourcecode.swift; path = APIView2.swift; sourceTree = "<group>"; };
		898900D5288C46E00060A237 /* UserModel.swift */ = {isa = PBXFileReference; lastKnownFileType = sourcecode.swift; path = UserModel.swift; sourceTree = "<group>"; };
		898900D9288C70730060A237 /* ApplyView.swift */ = {isa = PBXFileReference; lastKnownFileType = sourcecode.swift; path = ApplyView.swift; sourceTree = "<group>"; };
		898900DE288C9EAC0060A237 /* MapView.swift */ = {isa = PBXFileReference; lastKnownFileType = sourcecode.swift; path = MapView.swift; sourceTree = "<group>"; };
		898900E0288CB2030060A237 /* SPFView.swift */ = {isa = PBXFileReference; lastKnownFileType = sourcecode.swift; path = SPFView.swift; sourceTree = "<group>"; };
		898900E2288CBB6B0060A237 /* LocationManager.swift */ = {isa = PBXFileReference; lastKnownFileType = sourcecode.swift; path = LocationManager.swift; sourceTree = "<group>"; };
		89F1B50E288B7DD900AC4587 /* uvengers.app */ = {isa = PBXFileReference; explicitFileType = wrapper.application; includeInIndex = 0; path = uvengers.app; sourceTree = BUILT_PRODUCTS_DIR; };
		89F1B511288B7DD900AC4587 /* uvengersApp.swift */ = {isa = PBXFileReference; lastKnownFileType = sourcecode.swift; path = uvengersApp.swift; sourceTree = "<group>"; };
		89F1B513288B7DD900AC4587 /* HomeView.swift */ = {isa = PBXFileReference; lastKnownFileType = sourcecode.swift; path = HomeView.swift; sourceTree = "<group>"; };
		89F1B515288B7DDC00AC4587 /* Assets.xcassets */ = {isa = PBXFileReference; lastKnownFileType = folder.assetcatalog; path = Assets.xcassets; sourceTree = "<group>"; };
		89F1B518288B7DDC00AC4587 /* Preview Assets.xcassets */ = {isa = PBXFileReference; lastKnownFileType = folder.assetcatalog; path = "Preview Assets.xcassets"; sourceTree = "<group>"; };
		89F1B51F288B7F3B00AC4587 /* UVInfoView.swift */ = {isa = PBXFileReference; lastKnownFileType = sourcecode.swift; path = UVInfoView.swift; sourceTree = "<group>"; };
		89F1B521288B7F5400AC4587 /* UserStatusView.swift */ = {isa = PBXFileReference; lastKnownFileType = sourcecode.swift; path = UserStatusView.swift; sourceTree = "<group>"; };
/* End PBXFileReference section */

/* Begin PBXFrameworksBuildPhase section */
		89F1B50B288B7DD900AC4587 /* Frameworks */ = {
			isa = PBXFrameworksBuildPhase;
			buildActionMask = 2147483647;
			files = (
				898900DD288C9E330060A237 /* ArcGIS in Frameworks */,
			);
			runOnlyForDeploymentPostprocessing = 0;
		};
/* End PBXFrameworksBuildPhase section */

/* Begin PBXGroup section */
		898900D7288C6A6D0060A237 /* Views */ = {
			isa = PBXGroup;
			children = (
				89162793288D08BF0023B73D /* MainView.swift */,
				89F1B513288B7DD900AC4587 /* HomeView.swift */,
				89F1B51F288B7F3B00AC4587 /* UVInfoView.swift */,
				89F1B521288B7F5400AC4587 /* UserStatusView.swift */,
				898900D9288C70730060A237 /* ApplyView.swift */,
				898900DE288C9EAC0060A237 /* MapView.swift */,
				898900E0288CB2030060A237 /* SPFView.swift */,
				89162791288D04880023B73D /* MenuView.swift */,
				89162795288D1A070023B73D /* DummyViews.swift */,
				89162797288DA2E20023B73D /* APIView.swift */,
				89162799288DA5970023B73D /* APIView2.swift */,
			);
			path = Views;
			sourceTree = "<group>";
		};
		898900D8288C6A780060A237 /* Models */ = {
			isa = PBXGroup;
			children = (
				898900D5288C46E00060A237 /* UserModel.swift */,
				898900E2288CBB6B0060A237 /* LocationManager.swift */,
			);
			path = Models;
			sourceTree = "<group>";
		};
		89F1B505288B7DD900AC4587 = {
			isa = PBXGroup;
			children = (
				89F1B510288B7DD900AC4587 /* uvengers */,
				89F1B50F288B7DD900AC4587 /* Products */,
			);
			sourceTree = "<group>";
		};
		89F1B50F288B7DD900AC4587 /* Products */ = {
			isa = PBXGroup;
			children = (
				89F1B50E288B7DD900AC4587 /* uvengers.app */,
			);
			name = Products;
			sourceTree = "<group>";
		};
		89F1B510288B7DD900AC4587 /* uvengers */ = {
			isa = PBXGroup;
			children = (
				898900D8288C6A780060A237 /* Models */,
				898900D7288C6A6D0060A237 /* Views */,
				89F1B511288B7DD900AC4587 /* uvengersApp.swift */,
				89F1B515288B7DDC00AC4587 /* Assets.xcassets */,
				89F1B517288B7DDC00AC4587 /* Preview Content */,
			);
			path = uvengers;
			sourceTree = "<group>";
		};
		89F1B517288B7DDC00AC4587 /* Preview Content */ = {
			isa = PBXGroup;
			children = (
				89F1B518288B7DDC00AC4587 /* Preview Assets.xcassets */,
			);
			path = "Preview Content";
			sourceTree = "<group>";
		};
/* End PBXGroup section */

/* Begin PBXNativeTarget section */
		89F1B50D288B7DD900AC4587 /* uvengers */ = {
			isa = PBXNativeTarget;
			buildConfigurationList = 89F1B51C288B7DDC00AC4587 /* Build configuration list for PBXNativeTarget "uvengers" */;
			buildPhases = (
				89F1B50A288B7DD900AC4587 /* Sources */,
				89F1B50B288B7DD900AC4587 /* Frameworks */,
				89F1B50C288B7DD900AC4587 /* Resources */,
			);
			buildRules = (
			);
			dependencies = (
			);
			name = uvengers;
			packageProductDependencies = (
				898900DC288C9E330060A237 /* ArcGIS */,
			);
			productName = uvengers;
			productReference = 89F1B50E288B7DD900AC4587 /* uvengers.app */;
			productType = "com.apple.product-type.application";
		};
/* End PBXNativeTarget section */

/* Begin PBXProject section */
		89F1B506288B7DD900AC4587 /* Project object */ = {
			isa = PBXProject;
			attributes = {
				BuildIndependentTargetsInParallel = 1;
				LastSwiftUpdateCheck = 1340;
				LastUpgradeCheck = 1340;
				TargetAttributes = {
					89F1B50D288B7DD900AC4587 = {
						CreatedOnToolsVersion = 13.4.1;
					};
				};
			};
			buildConfigurationList = 89F1B509288B7DD900AC4587 /* Build configuration list for PBXProject "uvengers" */;
			compatibilityVersion = "Xcode 13.0";
			developmentRegion = en;
			hasScannedForEncodings = 0;
			knownRegions = (
				en,
				Base,
			);
			mainGroup = 89F1B505288B7DD900AC4587;
			packageReferences = (
				898900DB288C9E330060A237 /* XCRemoteSwiftPackageReference "arcgis-runtime-ios" */,
			);
			productRefGroup = 89F1B50F288B7DD900AC4587 /* Products */;
			projectDirPath = "";
			projectRoot = "";
			targets = (
				89F1B50D288B7DD900AC4587 /* uvengers */,
			);
		};
/* End PBXProject section */

/* Begin PBXResourcesBuildPhase section */
		89F1B50C288B7DD900AC4587 /* Resources */ = {
			isa = PBXResourcesBuildPhase;
			buildActionMask = 2147483647;
			files = (
				89F1B519288B7DDC00AC4587 /* Preview Assets.xcassets in Resources */,
				89F1B516288B7DDC00AC4587 /* Assets.xcassets in Resources */,
			);
			runOnlyForDeploymentPostprocessing = 0;
		};
/* End PBXResourcesBuildPhase section */

/* Begin PBXSourcesBuildPhase section */
		89F1B50A288B7DD900AC4587 /* Sources */ = {
			isa = PBXSourcesBuildPhase;
			buildActionMask = 2147483647;
			files = (
				898900DF288C9EAC0060A237 /* MapView.swift in Sources */,
				89F1B514288B7DD900AC4587 /* HomeView.swift in Sources */,
				898900DA288C70730060A237 /* ApplyView.swift in Sources */,
				89162798288DA2E20023B73D /* APIView.swift in Sources */,
				89F1B522288B7F5400AC4587 /* UserStatusView.swift in Sources */,
				898900E1288CB2030060A237 /* SPFView.swift in Sources */,
				89162792288D04880023B73D /* MenuView.swift in Sources */,
				89162796288D1A070023B73D /* DummyViews.swift in Sources */,
				89F1B512288B7DD900AC4587 /* uvengersApp.swift in Sources */,
				89162794288D08BF0023B73D /* MainView.swift in Sources */,
				8916279A288DA5970023B73D /* APIView2.swift in Sources */,
				898900D6288C46E00060A237 /* UserModel.swift in Sources */,
				89F1B520288B7F3B00AC4587 /* UVInfoView.swift in Sources */,
				898900E3288CBB6B0060A237 /* LocationManager.swift in Sources */,
			);
			runOnlyForDeploymentPostprocessing = 0;
		};
/* End PBXSourcesBuildPhase section */

/* Begin XCBuildConfiguration section */
		89F1B51A288B7DDC00AC4587 /* Debug */ = {
			isa = XCBuildConfiguration;
			buildSettings = {
				ALWAYS_SEARCH_USER_PATHS = NO;
				CLANG_ANALYZER_NONNULL = YES;
				CLANG_ANALYZER_NUMBER_OBJECT_CONVERSION = YES_AGGRESSIVE;
				CLANG_CXX_LANGUAGE_STANDARD = "gnu++17";
				CLANG_ENABLE_MODULES = YES;
				CLANG_ENABLE_OBJC_ARC = YES;
				CLANG_ENABLE_OBJC_WEAK = YES;
				CLANG_WARN_BLOCK_CAPTURE_AUTORELEASING = YES;
				CLANG_WARN_BOOL_CONVERSION = YES;
				CLANG_WARN_COMMA = YES;
				CLANG_WARN_CONSTANT_CONVERSION = YES;
				CLANG_WARN_DEPRECATED_OBJC_IMPLEMENTATIONS = YES;
				CLANG_WARN_DIRECT_OBJC_ISA_USAGE = YES_ERROR;
				CLANG_WARN_DOCUMENTATION_COMMENTS = YES;
				CLANG_WARN_EMPTY_BODY = YES;
				CLANG_WARN_ENUM_CONVERSION = YES;
				CLANG_WARN_INFINITE_RECURSION = YES;
				CLANG_WARN_INT_CONVERSION = YES;
				CLANG_WARN_NON_LITERAL_NULL_CONVERSION = YES;
				CLANG_WARN_OBJC_IMPLICIT_RETAIN_SELF = YES;
				CLANG_WARN_OBJC_LITERAL_CONVERSION = YES;
				CLANG_WARN_OBJC_ROOT_CLASS = YES_ERROR;
				CLANG_WARN_QUOTED_INCLUDE_IN_FRAMEWORK_HEADER = YES;
				CLANG_WARN_RANGE_LOOP_ANALYSIS = YES;
				CLANG_WARN_STRICT_PROTOTYPES = YES;
				CLANG_WARN_SUSPICIOUS_MOVE = YES;
				CLANG_WARN_UNGUARDED_AVAILABILITY = YES_AGGRESSIVE;
				CLANG_WARN_UNREACHABLE_CODE = YES;
				CLANG_WARN__DUPLICATE_METHOD_MATCH = YES;
				COPY_PHASE_STRIP = NO;
				DEBUG_INFORMATION_FORMAT = dwarf;
				ENABLE_STRICT_OBJC_MSGSEND = YES;
				ENABLE_TESTABILITY = YES;
				GCC_C_LANGUAGE_STANDARD = gnu11;
				GCC_DYNAMIC_NO_PIC = NO;
				GCC_NO_COMMON_BLOCKS = YES;
				GCC_OPTIMIZATION_LEVEL = 0;
				GCC_PREPROCESSOR_DEFINITIONS = (
					"DEBUG=1",
					"$(inherited)",
				);
				GCC_WARN_64_TO_32_BIT_CONVERSION = YES;
				GCC_WARN_ABOUT_RETURN_TYPE = YES_ERROR;
				GCC_WARN_UNDECLARED_SELECTOR = YES;
				GCC_WARN_UNINITIALIZED_AUTOS = YES_AGGRESSIVE;
				GCC_WARN_UNUSED_FUNCTION = YES;
				GCC_WARN_UNUSED_VARIABLE = YES;
				IPHONEOS_DEPLOYMENT_TARGET = 15.5;
				MTL_ENABLE_DEBUG_INFO = INCLUDE_SOURCE;
				MTL_FAST_MATH = YES;
				ONLY_ACTIVE_ARCH = YES;
				SDKROOT = iphoneos;
				SWIFT_ACTIVE_COMPILATION_CONDITIONS = DEBUG;
				SWIFT_OPTIMIZATION_LEVEL = "-Onone";
			};
			name = Debug;
		};
		89F1B51B288B7DDC00AC4587 /* Release */ = {
			isa = XCBuildConfiguration;
			buildSettings = {
				ALWAYS_SEARCH_USER_PATHS = NO;
				CLANG_ANALYZER_NONNULL = YES;
				CLANG_ANALYZER_NUMBER_OBJECT_CONVERSION = YES_AGGRESSIVE;
				CLANG_CXX_LANGUAGE_STANDARD = "gnu++17";
				CLANG_ENABLE_MODULES = YES;
				CLANG_ENABLE_OBJC_ARC = YES;
				CLANG_ENABLE_OBJC_WEAK = YES;
				CLANG_WARN_BLOCK_CAPTURE_AUTORELEASING = YES;
				CLANG_WARN_BOOL_CONVERSION = YES;
				CLANG_WARN_COMMA = YES;
				CLANG_WARN_CONSTANT_CONVERSION = YES;
				CLANG_WARN_DEPRECATED_OBJC_IMPLEMENTATIONS = YES;
				CLANG_WARN_DIRECT_OBJC_ISA_USAGE = YES_ERROR;
				CLANG_WARN_DOCUMENTATION_COMMENTS = YES;
				CLANG_WARN_EMPTY_BODY = YES;
				CLANG_WARN_ENUM_CONVERSION = YES;
				CLANG_WARN_INFINITE_RECURSION = YES;
				CLANG_WARN_INT_CONVERSION = YES;
				CLANG_WARN_NON_LITERAL_NULL_CONVERSION = YES;
				CLANG_WARN_OBJC_IMPLICIT_RETAIN_SELF = YES;
				CLANG_WARN_OBJC_LITERAL_CONVERSION = YES;
				CLANG_WARN_OBJC_ROOT_CLASS = YES_ERROR;
				CLANG_WARN_QUOTED_INCLUDE_IN_FRAMEWORK_HEADER = YES;
				CLANG_WARN_RANGE_LOOP_ANALYSIS = YES;
				CLANG_WARN_STRICT_PROTOTYPES = YES;
				CLANG_WARN_SUSPICIOUS_MOVE = YES;
				CLANG_WARN_UNGUARDED_AVAILABILITY = YES_AGGRESSIVE;
				CLANG_WARN_UNREACHABLE_CODE = YES;
				CLANG_WARN__DUPLICATE_METHOD_MATCH = YES;
				COPY_PHASE_STRIP = NO;
				DEBUG_INFORMATION_FORMAT = "dwarf-with-dsym";
				ENABLE_NS_ASSERTIONS = NO;
				ENABLE_STRICT_OBJC_MSGSEND = YES;
				GCC_C_LANGUAGE_STANDARD = gnu11;
				GCC_NO_COMMON_BLOCKS = YES;
				GCC_WARN_64_TO_32_BIT_CONVERSION = YES;
				GCC_WARN_ABOUT_RETURN_TYPE = YES_ERROR;
				GCC_WARN_UNDECLARED_SELECTOR = YES;
				GCC_WARN_UNINITIALIZED_AUTOS = YES_AGGRESSIVE;
				GCC_WARN_UNUSED_FUNCTION = YES;
				GCC_WARN_UNUSED_VARIABLE = YES;
				IPHONEOS_DEPLOYMENT_TARGET = 15.5;
				MTL_ENABLE_DEBUG_INFO = NO;
				MTL_FAST_MATH = YES;
				SDKROOT = iphoneos;
				SWIFT_COMPILATION_MODE = wholemodule;
				SWIFT_OPTIMIZATION_LEVEL = "-O";
				VALIDATE_PRODUCT = YES;
			};
			name = Release;
		};
		89F1B51D288B7DDC00AC4587 /* Debug */ = {
			isa = XCBuildConfiguration;
			buildSettings = {
				ASSETCATALOG_COMPILER_APPICON_NAME = AppIcon;
				ASSETCATALOG_COMPILER_GLOBAL_ACCENT_COLOR_NAME = AccentColor;
				CODE_SIGN_STYLE = Automatic;
				CURRENT_PROJECT_VERSION = 1;
				DEVELOPMENT_ASSET_PATHS = "\"uvengers/Preview Content\"";
				ENABLE_PREVIEWS = YES;
				GENERATE_INFOPLIST_FILE = YES;
				INFOPLIST_KEY_NSLocationWhenInUseUsageDescription = "Get local UV aata";
				INFOPLIST_KEY_UIApplicationSceneManifest_Generation = YES;
				INFOPLIST_KEY_UIApplicationSupportsIndirectInputEvents = YES;
				INFOPLIST_KEY_UILaunchScreen_Generation = YES;
				INFOPLIST_KEY_UISupportedInterfaceOrientations_iPad = "UIInterfaceOrientationPortrait UIInterfaceOrientationPortraitUpsideDown UIInterfaceOrientationLandscapeLeft UIInterfaceOrientationLandscapeRight";
				INFOPLIST_KEY_UISupportedInterfaceOrientations_iPhone = "UIInterfaceOrientationPortrait UIInterfaceOrientationLandscapeLeft UIInterfaceOrientationLandscapeRight";
				LD_RUNPATH_SEARCH_PATHS = (
					"$(inherited)",
					"@executable_path/Frameworks",
				);
				MARKETING_VERSION = 1.0;
				PRODUCT_BUNDLE_IDENTIFIER = max.uvengers;
				PRODUCT_NAME = "$(TARGET_NAME)";
				SWIFT_EMIT_LOC_STRINGS = YES;
				SWIFT_VERSION = 5.0;
				TARGETED_DEVICE_FAMILY = "1,2";
			};
			name = Debug;
		};
		89F1B51E288B7DDC00AC4587 /* Release */ = {
			isa = XCBuildConfiguration;
			buildSettings = {
				ASSETCATALOG_COMPILER_APPICON_NAME = AppIcon;
				ASSETCATALOG_COMPILER_GLOBAL_ACCENT_COLOR_NAME = AccentColor;
				CODE_SIGN_STYLE = Automatic;
				CURRENT_PROJECT_VERSION = 1;
				DEVELOPMENT_ASSET_PATHS = "\"uvengers/Preview Content\"";
				ENABLE_PREVIEWS = YES;
				GENERATE_INFOPLIST_FILE = YES;
				INFOPLIST_KEY_NSLocationWhenInUseUsageDescription = "Get local UV aata";
				INFOPLIST_KEY_UIApplicationSceneManifest_Generation = YES;
				INFOPLIST_KEY_UIApplicationSupportsIndirectInputEvents = YES;
				INFOPLIST_KEY_UILaunchScreen_Generation = YES;
				INFOPLIST_KEY_UISupportedInterfaceOrientations_iPad = "UIInterfaceOrientationPortrait UIInterfaceOrientationPortraitUpsideDown UIInterfaceOrientationLandscapeLeft UIInterfaceOrientationLandscapeRight";
				INFOPLIST_KEY_UISupportedInterfaceOrientations_iPhone = "UIInterfaceOrientationPortrait UIInterfaceOrientationLandscapeLeft UIInterfaceOrientationLandscapeRight";
				LD_RUNPATH_SEARCH_PATHS = (
					"$(inherited)",
					"@executable_path/Frameworks",
				);
				MARKETING_VERSION = 1.0;
				PRODUCT_BUNDLE_IDENTIFIER = max.uvengers;
				PRODUCT_NAME = "$(TARGET_NAME)";
				SWIFT_EMIT_LOC_STRINGS = YES;
				SWIFT_VERSION = 5.0;
				TARGETED_DEVICE_FAMILY = "1,2";
			};
			name = Release;
		};
/* End XCBuildConfiguration section */

/* Begin XCConfigurationList section */
		89F1B509288B7DD900AC4587 /* Build configuration list for PBXProject "uvengers" */ = {
			isa = XCConfigurationList;
			buildConfigurations = (
				89F1B51A288B7DDC00AC4587 /* Debug */,
				89F1B51B288B7DDC00AC4587 /* Release */,
			);
			defaultConfigurationIsVisible = 0;
			defaultConfigurationName = Release;
		};
		89F1B51C288B7DDC00AC4587 /* Build configuration list for PBXNativeTarget "uvengers" */ = {
			isa = XCConfigurationList;
			buildConfigurations = (
				89F1B51D288B7DDC00AC4587 /* Debug */,
				89F1B51E288B7DDC00AC4587 /* Release */,
			);
			defaultConfigurationIsVisible = 0;
			defaultConfigurationName = Release;
		};
/* End XCConfigurationList section */

/* Begin XCRemoteSwiftPackageReference section */
		898900DB288C9E330060A237 /* XCRemoteSwiftPackageReference "arcgis-runtime-ios" */ = {
			isa = XCRemoteSwiftPackageReference;
			repositoryURL = "https://github.com/esri/arcgis-runtime-ios";
			requirement = {
				branch = main;
				kind = branch;
			};
		};
/* End XCRemoteSwiftPackageReference section */

/* Begin XCSwiftPackageProductDependency section */
		898900DC288C9E330060A237 /* ArcGIS */ = {
			isa = XCSwiftPackageProductDependency;
			package = 898900DB288C9E330060A237 /* XCRemoteSwiftPackageReference "arcgis-runtime-ios" */;
			productName = ArcGIS;
		};
/* End XCSwiftPackageProductDependency section */
	};
	rootObject = 89F1B506288B7DD900AC4587 /* Project object */;
}
